
Microsoft Visual Studio Solution File, Format Version 12.00
# Visual Studio Version 16
VisualStudioVersion = 16.0.30621.155
MinimumVisualStudioVersion = 10.0.40219.1
Project("{2150E333-8FDC-42A3-9474-1A3956D46DE8}") = "src", "src", "{9A2EA109-C2E2-4A38-AC28-ADC00FD12E31}"
EndProject
Project("{2150E333-8FDC-42A3-9474-1A3956D46DE8}") = "Services", "Services", "{D74D20F4-5602-45CA-B360-D5045271241B}"
EndProject
Project("{2150E333-8FDC-42A3-9474-1A3956D46DE8}") = "Web", "Web", "{1C34CCBC-6E57-48B5-8D1F-B6725D226413}"
EndProject
Project("{2150E333-8FDC-42A3-9474-1A3956D46DE8}") = "Building Blocks", "Building Blocks", "{E52A350B-2CFA-486B-9007-D1296198E91D}"
EndProject
Project("{2150E333-8FDC-42A3-9474-1A3956D46DE8}") = "Identidade", "Identidade", "{A7E1B489-F1EF-406A-90DC-DB8B2EC123A4}"
EndProject
Project("{FAE04EC0-301F-11D3-BF4B-00C04F79EFBC}") = "NSE.Identidade.API", "src\services\NSE.Identidade.API\NSE.Identidade.API.csproj", "{9098DB44-3249-4CB7-801E-96EA5E81AB86}"
EndProject
Project("{2150E333-8FDC-42A3-9474-1A3956D46DE8}") = "MVC", "MVC", "{3778FD2B-290F-4785-8DB2-E1BBC3778A20}"
EndProject
Project("{FAE04EC0-301F-11D3-BF4B-00C04F79EFBC}") = "NSE.WebApp.MVC", "src\web\NSE.WebApp.MVC\NSE.WebApp.MVC.csproj", "{6FA98BCC-6EAA-4F0A-A743-4DE0BCE1218E}"
EndProject
Project("{2150E333-8FDC-42A3-9474-1A3956D46DE8}") = "Core", "Core", "{0381DAA5-66E4-4377-88DA-40927BCB99E4}"
EndProject
Project("{FAE04EC0-301F-11D3-BF4B-00C04F79EFBC}") = "NSE.Core", "src\building blocks\NSE.Core\NSE.Core.csproj", "{BE6685EE-2BD8-42D2-9D18-0A08EF332C2C}"
EndProject
Project("{2150E333-8FDC-42A3-9474-1A3956D46DE8}") = "Carrinho", "Carrinho", "{D591BC26-D1EA-4C22-94D9-567FAB444CEA}"
EndProject
Project("{FAE04EC0-301F-11D3-BF4B-00C04F79EFBC}") = "NSE.Carrinho.API", "src\services\NSE.Carrinho.API\NSE.Carrinho.API.csproj", "{0CC210E7-40DB-4614-A9E9-66C9FDD4E623}"
EndProject
Project("{2150E333-8FDC-42A3-9474-1A3956D46DE8}") = "Catalogo", "Catalogo", "{2BAD9FC8-B2F3-4FA3-89FE-664216A1BDB6}"
EndProject
Project("{FAE04EC0-301F-11D3-BF4B-00C04F79EFBC}") = "NSE.Catalogo.API", "src\services\NSE.Catalogo.API\NSE.Catalogo.API.csproj", "{354D2E15-7103-4A49-A927-5BD2993D8EE4}"
EndProject
Project("{2150E333-8FDC-42A3-9474-1A3956D46DE8}") = "Cliente", "Cliente", "{9DA1A8F2-253F-4A59-AC71-0502E7C44E39}"
EndProject
Project("{FAE04EC0-301F-11D3-BF4B-00C04F79EFBC}") = "NSE.Cliente.API", "src\services\NSE.Cliente.API\NSE.Cliente.API.csproj", "{7CB537DE-B07F-48FD-BA4B-922781B57C8E}"
EndProject
Project("{2150E333-8FDC-42A3-9474-1A3956D46DE8}") = "Pagamento", "Pagamento", "{321C65B4-E7A7-4709-83F7-2EAF81A9112F}"
EndProject
Project("{FAE04EC0-301F-11D3-BF4B-00C04F79EFBC}") = "NSE.Pagamento.API", "src\services\NSE.Pagamento.API\NSE.Pagamento.API.csproj", "{2727B8D7-C77E-4430-A50F-1A9711814CA8}"
EndProject
Project("{2150E333-8FDC-42A3-9474-1A3956D46DE8}") = "Pedido", "Pedido", "{D8D650BD-0E0D-4E39-96D9-CDB417CD3ADF}"
EndProject
Project("{FAE04EC0-301F-11D3-BF4B-00C04F79EFBC}") = "NSE.Pedido.API", "src\services\NSE.Pedido.API\NSE.Pedido.API.csproj", "{FB40D079-D505-4F7B-AA13-4EC84082ACF7}"
EndProject
Global
	GlobalSection(SolutionConfigurationPlatforms) = preSolution
		Debug|Any CPU = Debug|Any CPU
		Release|Any CPU = Release|Any CPU
	EndGlobalSection
	GlobalSection(ProjectConfigurationPlatforms) = postSolution
		{9098DB44-3249-4CB7-801E-96EA5E81AB86}.Debug|Any CPU.ActiveCfg = Debug|Any CPU
		{9098DB44-3249-4CB7-801E-96EA5E81AB86}.Debug|Any CPU.Build.0 = Debug|Any CPU
		{9098DB44-3249-4CB7-801E-96EA5E81AB86}.Release|Any CPU.ActiveCfg = Release|Any CPU
		{9098DB44-3249-4CB7-801E-96EA5E81AB86}.Release|Any CPU.Build.0 = Release|Any CPU
		{6FA98BCC-6EAA-4F0A-A743-4DE0BCE1218E}.Debug|Any CPU.ActiveCfg = Debug|Any CPU
		{6FA98BCC-6EAA-4F0A-A743-4DE0BCE1218E}.Debug|Any CPU.Build.0 = Debug|Any CPU
		{6FA98BCC-6EAA-4F0A-A743-4DE0BCE1218E}.Release|Any CPU.ActiveCfg = Release|Any CPU
		{6FA98BCC-6EAA-4F0A-A743-4DE0BCE1218E}.Release|Any CPU.Build.0 = Release|Any CPU
		{BE6685EE-2BD8-42D2-9D18-0A08EF332C2C}.Debug|Any CPU.ActiveCfg = Debug|Any CPU
		{BE6685EE-2BD8-42D2-9D18-0A08EF332C2C}.Debug|Any CPU.Build.0 = Debug|Any CPU
		{BE6685EE-2BD8-42D2-9D18-0A08EF332C2C}.Release|Any CPU.ActiveCfg = Release|Any CPU
		{BE6685EE-2BD8-42D2-9D18-0A08EF332C2C}.Release|Any CPU.Build.0 = Release|Any CPU
		{0CC210E7-40DB-4614-A9E9-66C9FDD4E623}.Debug|Any CPU.ActiveCfg = Debug|Any CPU
		{0CC210E7-40DB-4614-A9E9-66C9FDD4E623}.Debug|Any CPU.Build.0 = Debug|Any CPU
		{0CC210E7-40DB-4614-A9E9-66C9FDD4E623}.Release|Any CPU.ActiveCfg = Release|Any CPU
		{0CC210E7-40DB-4614-A9E9-66C9FDD4E623}.Release|Any CPU.Build.0 = Release|Any CPU
		{354D2E15-7103-4A49-A927-5BD2993D8EE4}.Debug|Any CPU.ActiveCfg = Debug|Any CPU
		{354D2E15-7103-4A49-A927-5BD2993D8EE4}.Debug|Any CPU.Build.0 = Debug|Any CPU
		{354D2E15-7103-4A49-A927-5BD2993D8EE4}.Release|Any CPU.ActiveCfg = Release|Any CPU
		{354D2E15-7103-4A49-A927-5BD2993D8EE4}.Release|Any CPU.Build.0 = Release|Any CPU
		{7CB537DE-B07F-48FD-BA4B-922781B57C8E}.Debug|Any CPU.ActiveCfg = Debug|Any CPU
		{7CB537DE-B07F-48FD-BA4B-922781B57C8E}.Debug|Any CPU.Build.0 = Debug|Any CPU
		{7CB537DE-B07F-48FD-BA4B-922781B57C8E}.Release|Any CPU.ActiveCfg = Release|Any CPU
		{7CB537DE-B07F-48FD-BA4B-922781B57C8E}.Release|Any CPU.Build.0 = Release|Any CPU
		{2727B8D7-C77E-4430-A50F-1A9711814CA8}.Debug|Any CPU.ActiveCfg = Debug|Any CPU
		{2727B8D7-C77E-4430-A50F-1A9711814CA8}.Debug|Any CPU.Build.0 = Debug|Any CPU
		{2727B8D7-C77E-4430-A50F-1A9711814CA8}.Release|Any CPU.ActiveCfg = Release|Any CPU
		{2727B8D7-C77E-4430-A50F-1A9711814CA8}.Release|Any CPU.Build.0 = Release|Any CPU
		{FB40D079-D505-4F7B-AA13-4EC84082ACF7}.Debug|Any CPU.ActiveCfg = Debug|Any CPU
		{FB40D079-D505-4F7B-AA13-4EC84082ACF7}.Debug|Any CPU.Build.0 = Debug|Any CPU
		{FB40D079-D505-4F7B-AA13-4EC84082ACF7}.Release|Any CPU.ActiveCfg = Release|Any CPU
		{FB40D079-D505-4F7B-AA13-4EC84082ACF7}.Release|Any CPU.Build.0 = Release|Any CPU
	EndGlobalSection
	GlobalSection(SolutionProperties) = preSolution
		HideSolutionNode = FALSE
	EndGlobalSection
	GlobalSection(NestedProjects) = preSolution
		{D74D20F4-5602-45CA-B360-D5045271241B} = {9A2EA109-C2E2-4A38-AC28-ADC00FD12E31}
		{1C34CCBC-6E57-48B5-8D1F-B6725D226413} = {9A2EA109-C2E2-4A38-AC28-ADC00FD12E31}
		{E52A350B-2CFA-486B-9007-D1296198E91D} = {9A2EA109-C2E2-4A38-AC28-ADC00FD12E31}
		{A7E1B489-F1EF-406A-90DC-DB8B2EC123A4} = {D74D20F4-5602-45CA-B360-D5045271241B}
		{9098DB44-3249-4CB7-801E-96EA5E81AB86} = {A7E1B489-F1EF-406A-90DC-DB8B2EC123A4}
		{3778FD2B-290F-4785-8DB2-E1BBC3778A20} = {1C34CCBC-6E57-48B5-8D1F-B6725D226413}
		{6FA98BCC-6EAA-4F0A-A743-4DE0BCE1218E} = {3778FD2B-290F-4785-8DB2-E1BBC3778A20}
		{0381DAA5-66E4-4377-88DA-40927BCB99E4} = {E52A350B-2CFA-486B-9007-D1296198E91D}
		{BE6685EE-2BD8-42D2-9D18-0A08EF332C2C} = {0381DAA5-66E4-4377-88DA-40927BCB99E4}
		{D591BC26-D1EA-4C22-94D9-567FAB444CEA} = {D74D20F4-5602-45CA-B360-D5045271241B}
		{0CC210E7-40DB-4614-A9E9-66C9FDD4E623} = {D591BC26-D1EA-4C22-94D9-567FAB444CEA}
		{2BAD9FC8-B2F3-4FA3-89FE-664216A1BDB6} = {D74D20F4-5602-45CA-B360-D5045271241B}
		{354D2E15-7103-4A49-A927-5BD2993D8EE4} = {2BAD9FC8-B2F3-4FA3-89FE-664216A1BDB6}
		{9DA1A8F2-253F-4A59-AC71-0502E7C44E39} = {D74D20F4-5602-45CA-B360-D5045271241B}
		{7CB537DE-B07F-48FD-BA4B-922781B57C8E} = {9DA1A8F2-253F-4A59-AC71-0502E7C44E39}
		{321C65B4-E7A7-4709-83F7-2EAF81A9112F} = {D74D20F4-5602-45CA-B360-D5045271241B}
		{2727B8D7-C77E-4430-A50F-1A9711814CA8} = {321C65B4-E7A7-4709-83F7-2EAF81A9112F}
		{D8D650BD-0E0D-4E39-96D9-CDB417CD3ADF} = {D74D20F4-5602-45CA-B360-D5045271241B}
		{FB40D079-D505-4F7B-AA13-4EC84082ACF7} = {D8D650BD-0E0D-4E39-96D9-CDB417CD3ADF}
	EndGlobalSection
	GlobalSection(ExtensibilityGlobals) = postSolution
		SolutionGuid = {867D752E-4B1D-40B4-941F-5086113BAB70}
	EndGlobalSection
EndGlobal
